
Microsoft Visual Studio Solution File, Format Version 12.00
# Visual Studio Version 17
VisualStudioVersion = 17.3.32922.545
MinimumVisualStudioVersion = 10.0.40219.1
Project("{FAE04EC0-301F-11D3-BF4B-00C04F79EFBC}") = "Atv203a", "Atv203a\Atv203a.csproj", "{DF961A97-4595-42C4-944D-8D557C34F691}"
EndProject
Global
	GlobalSection(SolutionConfigurationPlatforms) = preSolution
		Debug|Any CPU = Debug|Any CPU
		Release|Any CPU = Release|Any CPU
	EndGlobalSection
	GlobalSection(ProjectConfigurationPlatforms) = postSolution
		{DF961A97-4595-42C4-944D-8D557C34F691}.Debug|Any CPU.ActiveCfg = Debug|Any CPU
		{DF961A97-4595-42C4-944D-8D557C34F691}.Debug|Any CPU.Build.0 = Debug|Any CPU
		{DF961A97-4595-42C4-944D-8D557C34F691}.Release|Any CPU.ActiveCfg = Release|Any CPU
		{DF961A97-4595-42C4-944D-8D557C34F691}.Release|Any CPU.Build.0 = Release|Any CPU
	EndGlobalSection
	GlobalSection(SolutionProperties) = preSolution
		HideSolutionNode = FALSE
	EndGlobalSection
	GlobalSection(ExtensibilityGlobals) = postSolution
		SolutionGuid = {094673F6-E5FC-4990-8706-81EFE6935C1B}
	EndGlobalSection
EndGlobal
